
Microsoft Visual Studio Solution File, Format Version 12.00
# Visual Studio Version 17
VisualStudioVersion = 17.1.32407.343
MinimumVisualStudioVersion = 10.0.40219.1
Project("{FAE04EC0-301F-11D3-BF4B-00C04F79EFBC}") = "WindowsFormsApp1", "WindowsFormsApp1.csproj", "{B9188A21-4E13-4EC4-B67B-09E97330FACF}"
EndProject
Global
	GlobalSection(SolutionConfigurationPlatforms) = preSolution
		Debug|Any CPU = Debug|Any CPU
		Release|Any CPU = Release|Any CPU
	EndGlobalSection
	GlobalSection(ProjectConfigurationPlatforms) = postSolution
		{B9188A21-4E13-4EC4-B67B-09E97330FACF}.Debug|Any CPU.ActiveCfg = Debug|Any CPU
		{B9188A21-4E13-4EC4-B67B-09E97330FACF}.Debug|Any CPU.Build.0 = Debug|Any CPU
		{B9188A21-4E13-4EC4-B67B-09E97330FACF}.Release|Any CPU.ActiveCfg = Release|Any CPU
		{B9188A21-4E13-4EC4-B67B-09E97330FACF}.Release|Any CPU.Build.0 = Release|Any CPU
	EndGlobalSection
	GlobalSection(SolutionProperties) = preSolution
		HideSolutionNode = FALSE
	EndGlobalSection
	GlobalSection(ExtensibilityGlobals) = postSolution
		SolutionGuid = {D76BCAD1-F93C-47C4-A9F1-8364A84C0A68}
	EndGlobalSection
EndGlobal
